lockVersion: 2.0.0
id: 1051f63e-5c51-4157-aded-e5762504c531
management:
  docChecksum: 35de89d3f53d9b12dd4444c075cea53e
  docVersion: 1.0.0
  speakeasyVersion: 1.207.1
  generationVersion: 2.280.6
  releaseVersion: 2.3.5
  configChecksum: f7631e4d803a4a825f101ee992f9cdfa
  repoURL: https://github.com/speakeasy-sdks/testkube-sdk.git
  repoSubDirectory: .
  installationURL: https://github.com/speakeasy-sdks/testkube-sdk
  published: true
features:
  typescript:
    acceptHeaders: 2.81.1
    core: 3.4.8
    deprecations: 2.81.1
    globalServerURLs: 2.82.2
    inputOutputModels: 2.83.0
generatedFiles:
  - src/sdk/api.ts
  - src/sdk/executions.ts
  - src/sdk/tests.ts
  - src/sdk/artifacts.ts
  - src/sdk/logs.ts
  - src/sdk/executor.ts
  - src/sdk/keymap.ts
  - src/sdk/labels.ts
  - src/sdk/repository.ts
  - src/sdk/testsources.ts
  - src/sdk/testsuites.ts
  - src/sdk/testtriggers.ts
  - src/sdk/webhook.ts
  - src/sdk/sdk.ts
  - .eslintrc.yml
  - jest.config.js
  - package-lock.json
  - package.json
  - src/index.ts
  - src/internal/utils/contenttype.ts
  - src/internal/utils/headers.ts
  - src/internal/utils/index.ts
  - src/internal/utils/pathparams.ts
  - src/internal/utils/queryparams.ts
  - src/internal/utils/requestbody.ts
  - src/internal/utils/retries.ts
  - src/internal/utils/security.ts
  - src/internal/utils/utils.ts
  - src/sdk/index.ts
  - src/sdk/models/errors/sdkerror.ts
  - src/sdk/types/index.ts
  - src/sdk/types/rfcdate.ts
  - tsconfig.json
  - src/sdk/models/operations/abortexecution.ts
  - src/sdk/models/operations/aborttestexecutions.ts
  - src/sdk/models/operations/aborttestsuiteexecution.ts
  - src/sdk/models/operations/aborttestsuiteexecutionbyid.ts
  - src/sdk/models/operations/aborttestsuiteexecutions.ts
  - src/sdk/models/operations/bulkupdatetesttriggers.ts
  - src/sdk/models/operations/createexecutorjson.ts
  - src/sdk/models/operations/createexecutorstring.ts
  - src/sdk/models/operations/createtestsourcejson.ts
  - src/sdk/models/operations/createtestsourcestring.ts
  - src/sdk/models/operations/createtestsuitejson.ts
  - src/sdk/models/operations/createtestsuitestring.ts
  - src/sdk/models/operations/createtesttriggerjson.ts
  - src/sdk/models/operations/createtesttriggerstring.ts
  - src/sdk/models/operations/createtestjson.ts
  - src/sdk/models/operations/createteststring.ts
  - src/sdk/models/operations/createwebhookjson.ts
  - src/sdk/models/operations/createwebhookstring.ts
  - src/sdk/models/operations/deleteexecutor.ts
  - src/sdk/models/operations/deleteexecutors.ts
  - src/sdk/models/operations/deletetest.ts
  - src/sdk/models/operations/deletetestsource.ts
  - src/sdk/models/operations/deletetestsources.ts
  - src/sdk/models/operations/deletetestsuite.ts
  - src/sdk/models/operations/deletetestsuites.ts
  - src/sdk/models/operations/deletetesttrigger.ts
  - src/sdk/models/operations/deletetesttriggers.ts
  - src/sdk/models/operations/deletetests.ts
  - src/sdk/models/operations/deletewebhook.ts
  - src/sdk/models/operations/deletewebhooks.ts
  - src/sdk/models/operations/downloadarchive.ts
  - src/sdk/models/operations/downloadfile.ts
  - src/sdk/models/operations/executetest.ts
  - src/sdk/models/operations/executetestsuite.ts
  - src/sdk/models/operations/executetestsuites.ts
  - src/sdk/models/operations/executetests.ts
  - src/sdk/models/operations/getconfig.ts
  - src/sdk/models/operations/getdebuginfo.ts
  - src/sdk/models/operations/getexecutionartifacts.ts
  - src/sdk/models/operations/getexecutionbyid.ts
  - src/sdk/models/operations/getexecutionlogs.ts
  - src/sdk/models/operations/getexecutor.ts
  - src/sdk/models/operations/getkeymap.ts
  - src/sdk/models/operations/gettest.ts
  - src/sdk/models/operations/gettestexecution.ts
  - src/sdk/models/operations/gettestmetrics.ts
  - src/sdk/models/operations/gettestsource.ts
  - src/sdk/models/operations/gettestsuitebyid.ts
  - src/sdk/models/operations/gettestsuitebyidwithexecution.ts
  - src/sdk/models/operations/gettestsuiteexecution.ts
  - src/sdk/models/operations/gettestsuiteexecutionartifacts.ts
  - src/sdk/models/operations/gettestsuiteexecutionartifactsbytestsuite.ts
  - src/sdk/models/operations/gettestsuiteexecutionbyid.ts
  - src/sdk/models/operations/gettestsuitemetrics.ts
  - src/sdk/models/operations/gettesttriggerbyid.ts
  - src/sdk/models/operations/gettestwithexecution.ts
  - src/sdk/models/operations/getwebhook.ts
  - src/sdk/models/operations/listalltestsuiteexecutions.ts
  - src/sdk/models/operations/listexecutions.ts
  - src/sdk/models/operations/listexecutors.ts
  - src/sdk/models/operations/listtestexecutions.ts
  - src/sdk/models/operations/listtestsources.ts
  - src/sdk/models/operations/listtestsuiteexecutions.ts
  - src/sdk/models/operations/listtestsuitetests.ts
  - src/sdk/models/operations/listtestsuitewithexecutions.ts
  - src/sdk/models/operations/listtestsuites.ts
  - src/sdk/models/operations/listtesttriggers.ts
  - src/sdk/models/operations/listtestwithexecutions.ts
  - src/sdk/models/operations/listtests.ts
  - src/sdk/models/operations/listwebhooks.ts
  - src/sdk/models/operations/processtestsourcebatch.ts
  - src/sdk/models/operations/updateconfigkey.ts
  - src/sdk/models/operations/updateexecutorjson.ts
  - src/sdk/models/operations/updateexecutorstring.ts
  - src/sdk/models/operations/updatetestsourcejson.ts
  - src/sdk/models/operations/updatetestsourcestring.ts
  - src/sdk/models/operations/updatetestsuitejson.ts
  - src/sdk/models/operations/updatetestsuitestring.ts
  - src/sdk/models/operations/updatetesttriggerjson.ts
  - src/sdk/models/operations/updatetesttriggerstring.ts
  - src/sdk/models/operations/updatetestjson.ts
  - src/sdk/models/operations/updateteststring.ts
  - src/sdk/models/operations/uploads.ts
  - src/sdk/models/operations/validaterepository.ts
  - src/sdk/models/operations/listlabels.ts
  - src/sdk/models/shared/problem.ts
  - src/sdk/models/shared/testtrigger.ts
  - src/sdk/models/shared/testtriggerselector.ts
  - src/sdk/models/shared/testtriggerresources.ts
  - src/sdk/models/shared/testtriggerprobespec.ts
  - src/sdk/models/shared/testtriggerprobe.ts
  - src/sdk/models/shared/testtriggerexecutions.ts
  - src/sdk/models/shared/testtriggerconditionspec.ts
  - src/sdk/models/shared/testtriggercondition.ts
  - src/sdk/models/shared/testtriggerconditionstatuses.ts
  - src/sdk/models/shared/testtriggeractions.ts
  - src/sdk/models/shared/testtriggerupsertrequest.ts
  - src/sdk/models/shared/executordetails.ts
  - src/sdk/models/shared/executor.ts
  - src/sdk/models/shared/executormeta.ts
  - src/sdk/models/shared/localobjectreference.ts
  - src/sdk/models/shared/executionsresult.ts
  - src/sdk/models/shared/executionstotals.ts
  - src/sdk/models/shared/executionsummary.ts
  - src/sdk/models/shared/executionstatus.ts
  - src/sdk/models/shared/runningcontext.ts
  - src/sdk/models/shared/executorupsertrequest.ts
  - src/sdk/models/shared/testsource.ts
  - src/sdk/models/shared/repository.ts
  - src/sdk/models/shared/secretref.ts
  - src/sdk/models/shared/testsourceupsertrequest.ts
  - src/sdk/models/shared/testsuite.ts
  - src/sdk/models/shared/testsuitebatchstep.ts
  - src/sdk/models/shared/testsuitestep.ts
  - src/sdk/models/shared/testsuitestatus.ts
  - src/sdk/models/shared/testsuiteexecutioncore.ts
  - src/sdk/models/shared/testsuiteexecutionstatus.ts
  - src/sdk/models/shared/testsuiteexecutionrequest.ts
  - src/sdk/models/shared/variable.ts
  - src/sdk/models/shared/variabletype.ts
  - src/sdk/models/shared/configmapref.ts
  - src/sdk/models/shared/testcontentrequest.ts
  - src/sdk/models/shared/repositoryparameters.ts
  - src/sdk/models/shared/testsuiteupsertrequest.ts
  - src/sdk/models/shared/testsuiteexecutionrequestinput.ts
  - src/sdk/models/shared/test.ts
  - src/sdk/models/shared/teststatus.ts
  - src/sdk/models/shared/executioncore.ts
  - src/sdk/models/shared/executionrequest.ts
  - src/sdk/models/shared/envreference.ts
  - src/sdk/models/shared/artifactrequest.ts
  - src/sdk/models/shared/testcontent.ts
  - src/sdk/models/shared/testupsertrequest.ts
  - src/sdk/models/shared/webhook.ts
  - src/sdk/models/shared/eventtype.ts
  - src/sdk/models/shared/webhookcreaterequest.ts
  - src/sdk/models/shared/executionresult.ts
  - src/sdk/models/shared/executionstepresult.ts
  - src/sdk/models/shared/assertionresult.ts
  - src/sdk/models/shared/testsuiteexecutionsresult.ts
  - src/sdk/models/shared/testsuiteexecutionsummary.ts
  - src/sdk/models/shared/testsuitebatchstepexecutionsummary.ts
  - src/sdk/models/shared/testsuitestepexecutionsummary.ts
  - src/sdk/models/shared/testsuitesteptype.ts
  - src/sdk/models/shared/config.ts
  - src/sdk/models/shared/debuginfo.ts
  - src/sdk/models/shared/artifact.ts
  - src/sdk/models/shared/execution.ts
  - src/sdk/models/shared/executoroutput.ts
  - src/sdk/models/shared/testtriggerkeymap.ts
  - src/sdk/models/shared/executionsmetrics.ts
  - src/sdk/models/shared/executionsmetricsexecutions.ts
  - src/sdk/models/shared/testsuitewithexecution.ts
  - src/sdk/models/shared/testsuiteexecution.ts
  - src/sdk/models/shared/objectref.ts
  - src/sdk/models/shared/testsuitestepexecutionresultv2.ts
  - src/sdk/models/shared/testsuitestepv2.ts
  - src/sdk/models/shared/testsuitestepdelayv2.ts
  - src/sdk/models/shared/testsuitebatchstepexecutionresult.ts
  - src/sdk/models/shared/testsuitestepexecutionresult.ts
  - src/sdk/models/shared/testwithexecution.ts
  - src/sdk/models/shared/testsuitewithexecutionsummary.ts
  - src/sdk/models/shared/testwithexecutionsummary.ts
  - src/sdk/models/shared/testsourcebatchresult.ts
  - src/sdk/models/shared/testsourcebatchrequest.ts
  - src/sdk/models/shared/executorupdaterequest.ts
  - src/sdk/models/shared/testsourceupdaterequest.ts
  - src/sdk/models/shared/testsuiteupdaterequest.ts
  - src/sdk/models/shared/testupdaterequest.ts
  - src/sdk/models/shared/uploadsbody.ts
  - src/sdk/models/errors/index.ts
  - src/sdk/models/operations/index.ts
  - src/sdk/models/shared/index.ts
  - docs/sdk/models/operations/abortexecutionrequest.md
  - docs/sdk/models/operations/abortexecutionresponse.md
  - docs/sdk/models/operations/aborttestexecutionsrequest.md
  - docs/sdk/models/operations/aborttestexecutionsresponse.md
  - docs/sdk/models/operations/aborttestsuiteexecutionrequest.md
  - docs/sdk/models/operations/aborttestsuiteexecutionresponse.md
  - docs/sdk/models/operations/aborttestsuiteexecutionbyidrequest.md
  - docs/sdk/models/operations/aborttestsuiteexecutionbyidresponse.md
  - docs/sdk/models/operations/aborttestsuiteexecutionsrequest.md
  - docs/sdk/models/operations/aborttestsuiteexecutionsresponse.md
  - docs/sdk/models/operations/bulkupdatetesttriggersresponse.md
  - docs/sdk/models/operations/createexecutorjsonresponse.md
  - docs/sdk/models/operations/createexecutorstringresponse.md
  - docs/sdk/models/operations/createtestsourcejsonresponse.md
  - docs/sdk/models/operations/createtestsourcestringresponse.md
  - docs/sdk/models/operations/createtestsuitejsonresponse.md
  - docs/sdk/models/operations/createtestsuitestringresponse.md
  - docs/sdk/models/operations/createtesttriggerjsonresponse.md
  - docs/sdk/models/operations/createtesttriggerstringresponse.md
  - docs/sdk/models/operations/createtestjsonresponse.md
  - docs/sdk/models/operations/createteststringresponse.md
  - docs/sdk/models/operations/createwebhookjsonresponse.md
  - docs/sdk/models/operations/createwebhookstringresponse.md
  - docs/sdk/models/operations/deleteexecutorrequest.md
  - docs/sdk/models/operations/deleteexecutorresponse.md
  - docs/sdk/models/operations/deleteexecutorsrequest.md
  - docs/sdk/models/operations/deleteexecutorsresponse.md
  - docs/sdk/models/operations/deletetestrequest.md
  - docs/sdk/models/operations/deletetestresponse.md
  - docs/sdk/models/operations/deletetestsourcerequest.md
  - docs/sdk/models/operations/deletetestsourceresponse.md
  - docs/sdk/models/operations/deletetestsourcesrequest.md
  - docs/sdk/models/operations/deletetestsourcesresponse.md
  - docs/sdk/models/operations/deletetestsuiterequest.md
  - docs/sdk/models/operations/deletetestsuiteresponse.md
  - docs/sdk/models/operations/deletetestsuitesrequest.md
  - docs/sdk/models/operations/deletetestsuitesresponse.md
  - docs/sdk/models/operations/deletetesttriggerrequest.md
  - docs/sdk/models/operations/deletetesttriggerresponse.md
  - docs/sdk/models/operations/deletetesttriggersrequest.md
  - docs/sdk/models/operations/deletetesttriggersresponse.md
  - docs/sdk/models/operations/deletetestsrequest.md
  - docs/sdk/models/operations/deletetestsresponse.md
  - docs/sdk/models/operations/deletewebhookrequest.md
  - docs/sdk/models/operations/deletewebhookresponse.md
  - docs/sdk/models/operations/deletewebhooksrequest.md
  - docs/sdk/models/operations/deletewebhooksresponse.md
  - docs/sdk/models/operations/downloadarchiverequest.md
  - docs/sdk/models/operations/downloadarchiveresponse.md
  - docs/sdk/models/operations/downloadfilerequest.md
  - docs/sdk/models/operations/downloadfileresponse.md
  - docs/sdk/models/operations/executetestrequest.md
  - docs/sdk/models/operations/executetestresponse.md
  - docs/sdk/models/operations/executetestsuiterequest.md
  - docs/sdk/models/operations/executetestsuiteresponse.md
  - docs/sdk/models/operations/executetestsuitesrequest.md
  - docs/sdk/models/operations/executetestsuitesresponse.md
  - docs/sdk/models/operations/executetestsrequest.md
  - docs/sdk/models/operations/executetestsresponse.md
  - docs/sdk/models/operations/getconfigresponse.md
  - docs/sdk/models/operations/getdebuginforesponse.md
  - docs/sdk/models/operations/getexecutionartifactsrequest.md
  - docs/sdk/models/operations/getexecutionartifactsresponse.md
  - docs/sdk/models/operations/getexecutionbyidrequest.md
  - docs/sdk/models/operations/getexecutionbyidresponse.md
  - docs/sdk/models/operations/getexecutionlogsrequest.md
  - docs/sdk/models/operations/getexecutionlogsresponse.md
  - docs/sdk/models/operations/getexecutorrequest.md
  - docs/sdk/models/operations/getexecutorresponse.md
  - docs/sdk/models/operations/getkeymapresponse.md
  - docs/sdk/models/operations/gettestrequest.md
  - docs/sdk/models/operations/gettestresponse.md
  - docs/sdk/models/operations/gettestexecutionrequest.md
  - docs/sdk/models/operations/gettestexecutionresponse.md
  - docs/sdk/models/operations/gettestmetricsrequest.md
  - docs/sdk/models/operations/gettestmetricsresponse.md
  - docs/sdk/models/operations/gettestsourcerequest.md
  - docs/sdk/models/operations/gettestsourceresponse.md
  - docs/sdk/models/operations/gettestsuitebyidrequest.md
  - docs/sdk/models/operations/gettestsuitebyidresponse.md
  - docs/sdk/models/operations/gettestsuitebyidwithexecutionrequest.md
  - docs/sdk/models/operations/gettestsuitebyidwithexecutionresponse.md
  - docs/sdk/models/operations/gettestsuiteexecutionrequest.md
  - docs/sdk/models/operations/gettestsuiteexecutionresponse.md
  - docs/sdk/models/operations/gettestsuiteexecutionartifactsrequest.md
  - docs/sdk/models/operations/gettestsuiteexecutionartifactsresponse.md
  - docs/sdk/models/operations/gettestsuiteexecutionartifactsbytestsuiterequest.md
  - docs/sdk/models/operations/gettestsuiteexecutionartifactsbytestsuiteresponse.md
  - docs/sdk/models/operations/gettestsuiteexecutionbyidrequest.md
  - docs/sdk/models/operations/gettestsuiteexecutionbyidresponse.md
  - docs/sdk/models/operations/gettestsuitemetricsrequest.md
  - docs/sdk/models/operations/gettestsuitemetricsresponse.md
  - docs/sdk/models/operations/gettesttriggerbyidrequest.md
  - docs/sdk/models/operations/gettesttriggerbyidresponse.md
  - docs/sdk/models/operations/gettestwithexecutionrequest.md
  - docs/sdk/models/operations/gettestwithexecutionresponse.md
  - docs/sdk/models/operations/getwebhookrequest.md
  - docs/sdk/models/operations/getwebhookresponse.md
  - docs/types/rfcdate.md
  - docs/sdk/models/operations/listalltestsuiteexecutionsrequest.md
  - docs/sdk/models/operations/listalltestsuiteexecutionsresponse.md
  - docs/sdk/models/operations/listexecutionsrequest.md
  - docs/sdk/models/operations/listexecutionsresponse.md
  - docs/sdk/models/operations/listexecutorsrequest.md
  - docs/sdk/models/operations/listexecutorsresponse.md
  - docs/sdk/models/operations/listtestexecutionsrequest.md
  - docs/sdk/models/operations/listtestexecutionsresponse.md
  - docs/sdk/models/operations/listtestsourcesrequest.md
  - docs/sdk/models/operations/listtestsourcesresponse.md
  - docs/sdk/models/operations/listtestsuiteexecutionsrequest.md
  - docs/sdk/models/operations/listtestsuiteexecutionsresponse.md
  - docs/sdk/models/operations/listtestsuitetestsrequest.md
  - docs/sdk/models/operations/listtestsuitetestsresponse.md
  - docs/sdk/models/operations/listtestsuitewithexecutionsrequest.md
  - docs/sdk/models/operations/listtestsuitewithexecutionsresponse.md
  - docs/sdk/models/operations/listtestsuitesrequest.md
  - docs/sdk/models/operations/listtestsuitesresponse.md
  - docs/sdk/models/operations/listtesttriggersrequest.md
  - docs/sdk/models/operations/listtesttriggersresponse.md
  - docs/sdk/models/operations/listtestwithexecutionsrequest.md
  - docs/sdk/models/operations/listtestwithexecutionsresponse.md
  - docs/sdk/models/operations/listtestsrequest.md
  - docs/sdk/models/operations/listtestsresponse.md
  - docs/sdk/models/operations/listwebhooksrequest.md
  - docs/sdk/models/operations/listwebhooksresponse.md
  - docs/sdk/models/operations/processtestsourcebatchresponse.md
  - docs/sdk/models/operations/updateconfigkeyresponse.md
  - docs/sdk/models/operations/updateexecutorjsonrequest.md
  - docs/sdk/models/operations/updateexecutorjsonresponse.md
  - docs/sdk/models/operations/updateexecutorstringrequest.md
  - docs/sdk/models/operations/updateexecutorstringresponse.md
  - docs/sdk/models/operations/updatetestsourcejsonrequest.md
  - docs/sdk/models/operations/updatetestsourcejsonresponse.md
  - docs/sdk/models/operations/updatetestsourcestringrequest.md
  - docs/sdk/models/operations/updatetestsourcestringresponse.md
  - docs/sdk/models/operations/updatetestsuitejsonrequest.md
  - docs/sdk/models/operations/updatetestsuitejsonresponse.md
  - docs/sdk/models/operations/updatetestsuitestringrequest.md
  - docs/sdk/models/operations/updatetestsuitestringresponse.md
  - docs/sdk/models/operations/updatetesttriggerjsonrequest.md
  - docs/sdk/models/operations/updatetesttriggerjsonresponse.md
  - docs/sdk/models/operations/updatetesttriggerstringrequest.md
  - docs/sdk/models/operations/updatetesttriggerstringresponse.md
  - docs/sdk/models/operations/updatetestjsonrequest.md
  - docs/sdk/models/operations/updatetestjsonresponse.md
  - docs/sdk/models/operations/updateteststringrequest.md
  - docs/sdk/models/operations/updateteststringresponse.md
  - docs/sdk/models/operations/uploadsresponse.md
  - docs/sdk/models/operations/validaterepositoryresponse.md
  - docs/sdk/models/operations/listlabelsresponse.md
  - docs/sdk/models/shared/problem.md
  - docs/sdk/models/shared/testtrigger.md
  - docs/sdk/models/shared/testtriggerselector.md
  - docs/sdk/models/shared/testtriggerresources.md
  - docs/sdk/models/shared/testtriggerprobespec.md
  - docs/sdk/models/shared/testtriggerprobe.md
  - docs/sdk/models/shared/testtriggerexecutions.md
  - docs/sdk/models/shared/testtriggerconditionspec.md
  - docs/sdk/models/shared/testtriggercondition.md
  - docs/sdk/models/shared/testtriggerconditionstatuses.md
  - docs/sdk/models/shared/testtriggeractions.md
  - docs/sdk/models/shared/testtriggerupsertrequest.md
  - docs/sdk/models/shared/executordetails.md
  - docs/sdk/models/shared/features.md
  - docs/sdk/models/shared/executor.md
  - docs/sdk/models/shared/executormeta.md
  - docs/sdk/models/shared/localobjectreference.md
  - docs/sdk/models/shared/executionsresult.md
  - docs/sdk/models/shared/executionstotals.md
  - docs/sdk/models/shared/executionsummary.md
  - docs/sdk/models/shared/executionstatus.md
  - docs/sdk/models/shared/runningcontexttype.md
  - docs/sdk/models/shared/runningcontext.md
  - docs/sdk/models/shared/executorupsertrequestfeatures.md
  - docs/sdk/models/shared/executorupsertrequest.md
  - docs/sdk/models/shared/testsourcetype.md
  - docs/sdk/models/shared/testsource.md
  - docs/sdk/models/shared/authtype.md
  - docs/sdk/models/shared/repositorytype.md
  - docs/sdk/models/shared/repository.md
  - docs/sdk/models/shared/secretref.md
  - docs/sdk/models/shared/testsourceupsertrequesttype.md
  - docs/sdk/models/shared/testsourceupsertrequest.md
  - docs/sdk/models/shared/testsuite.md
  - docs/sdk/models/shared/testsuitebatchstep.md
  - docs/sdk/models/shared/testsuitestep.md
  - docs/sdk/models/shared/testsuitestatus.md
  - docs/sdk/models/shared/testsuiteexecutioncore.md
  - docs/sdk/models/shared/testsuiteexecutionstatus.md
  - docs/sdk/models/shared/testsuiteexecutionrequest.md
  - docs/sdk/models/shared/variable.md
  - docs/sdk/models/shared/variabletype.md
  - docs/sdk/models/shared/configmapref.md
  - docs/sdk/models/shared/testcontentrequest.md
  - docs/sdk/models/shared/repositoryparameters.md
  - docs/sdk/models/shared/testsuiteupsertrequest.md
  - docs/sdk/models/shared/testsuiteexecutionrequestinput.md
  - docs/sdk/models/shared/test.md
  - docs/sdk/models/shared/teststatus.md
  - docs/sdk/models/shared/executioncore.md
  - docs/sdk/models/shared/executionrequestargsmode.md
  - docs/sdk/models/shared/executionrequest.md
  - docs/sdk/models/shared/envreference.md
  - docs/sdk/models/shared/artifactrequest.md
  - docs/sdk/models/shared/testcontenttype.md
  - docs/sdk/models/shared/testcontent.md
  - docs/sdk/models/shared/testupsertrequest.md
  - docs/sdk/models/shared/executionrequestinput.md
  - docs/sdk/models/shared/webhook.md
  - docs/sdk/models/shared/eventtype.md
  - docs/sdk/models/shared/webhookcreaterequest.md
  - docs/sdk/models/shared/outputtype.md
  - docs/sdk/models/shared/reports.md
  - docs/sdk/models/shared/executionresult.md
  - docs/sdk/models/shared/executionstepresultstatus.md
  - docs/sdk/models/shared/executionstepresult.md
  - docs/sdk/models/shared/status.md
  - docs/sdk/models/shared/assertionresult.md
  - docs/sdk/models/shared/testsuiteexecutionsresult.md
  - docs/sdk/models/shared/testsuiteexecutionsummary.md
  - docs/sdk/models/shared/testsuitebatchstepexecutionsummary.md
  - docs/sdk/models/shared/testsuitestepexecutionsummary.md
  - docs/sdk/models/shared/testsuitesteptype.md
  - docs/sdk/models/shared/config.md
  - docs/sdk/models/shared/debuginfo.md
  - docs/sdk/models/shared/artifact.md
  - docs/sdk/models/shared/argsmode.md
  - docs/sdk/models/shared/execution.md
  - docs/sdk/models/shared/typet.md
  - docs/sdk/models/shared/executoroutput.md
  - docs/sdk/models/shared/testtriggerkeymap.md
  - docs/sdk/models/shared/executionsmetrics.md
  - docs/sdk/models/shared/executionsmetricsexecutions.md
  - docs/sdk/models/shared/testsuitewithexecution.md
  - docs/sdk/models/shared/testsuiteexecution.md
  - docs/sdk/models/shared/objectref.md
  - docs/sdk/models/shared/testsuitestepexecutionresultv2.md
  - docs/sdk/models/shared/testsuitestepv2.md
  - docs/sdk/models/shared/testsuitestepdelayv2.md
  - docs/sdk/models/shared/testsuitebatchstepexecutionresult.md
  - docs/sdk/models/shared/testsuitestepexecutionresult.md
  - docs/sdk/models/shared/testwithexecution.md
  - docs/sdk/models/shared/testsuitewithexecutionsummary.md
  - docs/sdk/models/shared/testwithexecutionsummary.md
  - docs/sdk/models/shared/testsourcebatchresult.md
  - docs/sdk/models/shared/testsourcebatchrequest.md
  - docs/sdk/models/shared/executorupdaterequestfeatures.md
  - docs/sdk/models/shared/executorupdaterequest.md
  - docs/sdk/models/shared/testsourceupdaterequesttype.md
  - docs/sdk/models/shared/testsourceupdaterequest.md
  - docs/sdk/models/shared/testsuiteupdaterequest.md
  - docs/sdk/models/shared/testupdaterequest.md
  - docs/sdk/models/shared/parenttype.md
  - docs/sdk/models/shared/uploadsbody.md
  - docs/sdks/testkubesdk/README.md
  - docs/sdks/api/README.md
  - docs/sdks/executions/README.md
  - docs/sdks/tests/README.md
  - docs/sdks/artifacts/README.md
  - docs/sdks/logs/README.md
  - docs/sdks/executor/README.md
  - docs/sdks/keymap/README.md
  - docs/sdks/labels/README.md
  - docs/sdks/repository/README.md
  - docs/sdks/testsources/README.md
  - docs/sdks/testsuites/README.md
  - docs/sdks/testtriggers/README.md
  - docs/sdks/webhook/README.md
  - USAGE.md
  - .gitattributes
